
Microsoft Visual Studio Solution File, Format Version 12.00
# Visual Studio 15
VisualStudioVersion = 15.0.28010.2050
MinimumVisualStudioVersion = 10.0.40219.1
Project("{FAE04EC0-301F-11D3-BF4B-00C04F79EFBC}") = "UCAntipatternsDetection", "UCAntipatternsDetection\UCAntipatternsDetection.csproj", "{808E3C67-CB86-4C57-AB83-30019BE2837E}"
EndProject
Global
	GlobalSection(SolutionConfigurationPlatforms) = preSolution
		Debug|Any CPU = Debug|Any CPU
		Release|Any CPU = Release|Any CPU
	EndGlobalSection
	GlobalSection(ProjectConfigurationPlatforms) = postSolution
		{808E3C67-CB86-4C57-AB83-30019BE2837E}.Debug|Any CPU.ActiveCfg = Debug|Any CPU
		{808E3C67-CB86-4C57-AB83-30019BE2837E}.Debug|Any CPU.Build.0 = Debug|Any CPU
		{808E3C67-CB86-4C57-AB83-30019BE2837E}.Release|Any CPU.ActiveCfg = Release|Any CPU
		{808E3C67-CB86-4C57-AB83-30019BE2837E}.Release|Any CPU.Build.0 = Release|Any CPU
	EndGlobalSection
	GlobalSection(SolutionProperties) = preSolution
		HideSolutionNode = FALSE
	EndGlobalSection
	GlobalSection(ExtensibilityGlobals) = postSolution
		SolutionGuid = {F8E0332D-4C53-4996-A0EE-17D1EA15E6CF}
	EndGlobalSection
EndGlobal
