
Microsoft Visual Studio Solution File, Format Version 12.00
# Visual Studio 15
VisualStudioVersion = 15.0.28010.2050
MinimumVisualStudioVersion = 10.0.40219.1
Project("{FAE04EC0-301F-11D3-BF4B-00C04F79EFBC}") = "WebApplication6", "WebApplication6\WebApplication6.csproj", "{0D502998-8393-49D6-98A2-240EA2C0356F}"
EndProject
Global
	GlobalSection(SolutionConfigurationPlatforms) = preSolution
		Debug|Any CPU = Debug|Any CPU
		Release|Any CPU = Release|Any CPU
	EndGlobalSection
	GlobalSection(ProjectConfigurationPlatforms) = postSolution
		{0D502998-8393-49D6-98A2-240EA2C0356F}.Debug|Any CPU.ActiveCfg = Debug|Any CPU
		{0D502998-8393-49D6-98A2-240EA2C0356F}.Debug|Any CPU.Build.0 = Debug|Any CPU
		{0D502998-8393-49D6-98A2-240EA2C0356F}.Release|Any CPU.ActiveCfg = Release|Any CPU
		{0D502998-8393-49D6-98A2-240EA2C0356F}.Release|Any CPU.Build.0 = Release|Any CPU
	EndGlobalSection
	GlobalSection(SolutionProperties) = preSolution
		HideSolutionNode = FALSE
	EndGlobalSection
	GlobalSection(ExtensibilityGlobals) = postSolution
		SolutionGuid = {9416F44B-230F-44A4-ACFF-EFF641F1BD69}
	EndGlobalSection
EndGlobal
