
Microsoft Visual Studio Solution File, Format Version 12.00
# Visual Studio 15
VisualStudioVersion = 15.0.28010.2050
MinimumVisualStudioVersion = 10.0.40219.1
Project("{FAE04EC0-301F-11D3-BF4B-00C04F79EFBC}") = "WebApplication3", "WebApplication3\WebApplication3.csproj", "{A3EA9D19-C005-4A2B-B8E9-CE86F4810F14}"
EndProject
Global
	GlobalSection(SolutionConfigurationPlatforms) = preSolution
		Debug|Any CPU = Debug|Any CPU
		Release|Any CPU = Release|Any CPU
	EndGlobalSection
	GlobalSection(ProjectConfigurationPlatforms) = postSolution
		{A3EA9D19-C005-4A2B-B8E9-CE86F4810F14}.Debug|Any CPU.ActiveCfg = Debug|Any CPU
		{A3EA9D19-C005-4A2B-B8E9-CE86F4810F14}.Debug|Any CPU.Build.0 = Debug|Any CPU
		{A3EA9D19-C005-4A2B-B8E9-CE86F4810F14}.Release|Any CPU.ActiveCfg = Release|Any CPU
		{A3EA9D19-C005-4A2B-B8E9-CE86F4810F14}.Release|Any CPU.Build.0 = Release|Any CPU
	EndGlobalSection
	GlobalSection(SolutionProperties) = preSolution
		HideSolutionNode = FALSE
	EndGlobalSection
	GlobalSection(ExtensibilityGlobals) = postSolution
		SolutionGuid = {6D014857-A12C-4BA3-8513-CF6C27A142C9}
	EndGlobalSection
EndGlobal
