
Microsoft Visual Studio Solution File, Format Version 12.00
# Visual Studio 15
VisualStudioVersion = 15.0.28010.2050
MinimumVisualStudioVersion = 10.0.40219.1
Project("{FAE04EC0-301F-11D3-BF4B-00C04F79EFBC}") = "WebApplication2", "WebApplication2\WebApplication2.csproj", "{63D13966-DAA8-43EF-8855-A1774897D598}"
EndProject
Global
	GlobalSection(SolutionConfigurationPlatforms) = preSolution
		Debug|Any CPU = Debug|Any CPU
		Release|Any CPU = Release|Any CPU
	EndGlobalSection
	GlobalSection(ProjectConfigurationPlatforms) = postSolution
		{63D13966-DAA8-43EF-8855-A1774897D598}.Debug|Any CPU.ActiveCfg = Debug|Any CPU
		{63D13966-DAA8-43EF-8855-A1774897D598}.Debug|Any CPU.Build.0 = Debug|Any CPU
		{63D13966-DAA8-43EF-8855-A1774897D598}.Release|Any CPU.ActiveCfg = Release|Any CPU
		{63D13966-DAA8-43EF-8855-A1774897D598}.Release|Any CPU.Build.0 = Release|Any CPU
	EndGlobalSection
	GlobalSection(SolutionProperties) = preSolution
		HideSolutionNode = FALSE
	EndGlobalSection
	GlobalSection(ExtensibilityGlobals) = postSolution
		SolutionGuid = {D67B893D-DC1C-4C13-ACEE-6867E1E783A0}
	EndGlobalSection
EndGlobal
